// !$*UTF8*$!
{
	archiveVersion = 1;
	classes = {
	};
	objectVersion = 55;
	objects = {

/* Begin PBXBuildFile section */
		626C31B128A48F7F005A3190 /* AppDelegate.swift in Sources */ = {isa = PBXBuildFile; fileRef = 626C31B028A48F7F005A3190 /* AppDelegate.swift */; };
		626C31B328A48F7F005A3190 /* SceneDelegate.swift in Sources */ = {isa = PBXBuildFile; fileRef = 626C31B228A48F7F005A3190 /* SceneDelegate.swift */; };
		626C31B528A48F7F005A3190 /* ViewController.swift in Sources */ = {isa = PBXBuildFile; fileRef = 626C31B428A48F7F005A3190 /* ViewController.swift */; };
		626C31B828A48F7F005A3190 /* Main.storyboard in Resources */ = {isa = PBXBuildFile; fileRef = 626C31B628A48F7F005A3190 /* Main.storyboard */; };
		626C31BB28A48F7F005A3190 /* TaiwanArtionApp.xcdatamodeld in Sources */ = {isa = PBXBuildFile; fileRef = 626C31B928A48F7F005A3190 /* TaiwanArtionApp.xcdatamodeld */; };
		626C31BD28A48F81005A3190 /* Assets.xcassets in Resources */ = {isa = PBXBuildFile; fileRef = 626C31BC28A48F81005A3190 /* Assets.xcassets */; };
		626C31C028A48F81005A3190 /* LaunchScreen.storyboard in Resources */ = {isa = PBXBuildFile; fileRef = 626C31BE28A48F81005A3190 /* LaunchScreen.storyboard */; };
/* End PBXBuildFile section */

/* Begin PBXFileReference section */
		626C31AD28A48F7F005A3190 /* TaiwanArtionApp.app */ = {isa = PBXFileReference; explicitFileType = wrapper.application; includeInIndex = 0; path = TaiwanArtionApp.app; sourceTree = BUILT_PRODUCTS_DIR; };
		626C31B028A48F7F005A3190 /* AppDelegate.swift */ = {isa = PBXFileReference; lastKnownFileType = sourcecode.swift; path = AppDelegate.swift; sourceTree = "<group>"; };
		626C31B228A48F7F005A3190 /* SceneDelegate.swift */ = {isa = PBXFileReference; lastKnownFileType = sourcecode.swift; path = SceneDelegate.swift; sourceTree = "<group>"; };
		626C31B428A48F7F005A3190 /* ViewController.swift */ = {isa = PBXFileReference; lastKnownFileType = sourcecode.swift; path = ViewController.swift; sourceTree = "<group>"; };
		626C31B728A48F7F005A3190 /* Base */ = {isa = PBXFileReference; lastKnownFileType = file.storyboard; name = Base; path = Base.lproj/Main.storyboard; sourceTree = "<group>"; };
		626C31BA28A48F7F005A3190 /* TaiwanArtionApp.xcdatamodel */ = {isa = PBXFileReference; lastKnownFileType = wrapper.xcdatamodel; path = TaiwanArtionApp.xcdatamodel; sourceTree = "<group>"; };
		626C31BC28A48F81005A3190 /* Assets.xcassets */ = {isa = PBXFileReference; lastKnownFileType = folder.assetcatalog; path = Assets.xcassets; sourceTree = "<group>"; };
		626C31BF28A48F81005A3190 /* Base */ = {isa = PBXFileReference; lastKnownFileType = file.storyboard; name = Base; path = Base.lproj/LaunchScreen.storyboard; sourceTree = "<group>"; };
		626C31C128A48F81005A3190 /* Info.plist */ = {isa = PBXFileReference; lastKnownFileType = text.plist.xml; path = Info.plist; sourceTree = "<group>"; };
/* End PBXFileReference section */

/* Begin PBXFrameworksBuildPhase section */
		626C31AA28A48F7F005A3190 /* Frameworks */ = {
			isa = PBXFrameworksBuildPhase;
			buildActionMask = 2147483647;
			files = (
			);
			runOnlyForDeploymentPostprocessing = 0;
		};
/* End PBXFrameworksBuildPhase section */

/* Begin PBXGroup section */
		626C31A428A48F7F005A3190 = {
			isa = PBXGroup;
			children = (
				626C31AF28A48F7F005A3190 /* TaiwanArtionApp */,
				626C31AE28A48F7F005A3190 /* Products */,
			);
			sourceTree = "<group>";
		};
		626C31AE28A48F7F005A3190 /* Products */ = {
			isa = PBXGroup;
			children = (
				626C31AD28A48F7F005A3190 /* TaiwanArtionApp.app */,
			);
			name = Products;
			sourceTree = "<group>";
		};
		626C31AF28A48F7F005A3190 /* TaiwanArtionApp */ = {
			isa = PBXGroup;
			children = (
				626C31B028A48F7F005A3190 /* AppDelegate.swift */,
				626C31B228A48F7F005A3190 /* SceneDelegate.swift */,
				626C31B428A48F7F005A3190 /* ViewController.swift */,
				626C31B628A48F7F005A3190 /* Main.storyboard */,
				626C31BC28A48F81005A3190 /* Assets.xcassets */,
				626C31BE28A48F81005A3190 /* LaunchScreen.storyboard */,
				626C31C128A48F81005A3190 /* Info.plist */,
				626C31B928A48F7F005A3190 /* TaiwanArtionApp.xcdatamodeld */,
			);
			path = TaiwanArtionApp;
			sourceTree = "<group>";
		};
/* End PBXGroup section */

/* Begin PBXNativeTarget section */
		626C31AC28A48F7F005A3190 /* TaiwanArtionApp */ = {
			isa = PBXNativeTarget;
			buildConfigurationList = 626C31C428A48F81005A3190 /* Build configuration list for PBXNativeTarget "TaiwanArtionApp" */;
			buildPhases = (
				626C31A928A48F7F005A3190 /* Sources */,
				626C31AA28A48F7F005A3190 /* Frameworks */,
				626C31AB28A48F7F005A3190 /* Resources */,
			);
			buildRules = (
			);
			dependencies = (
			);
			name = TaiwanArtionApp;
			productName = TaiwanArtionApp;
			productReference = 626C31AD28A48F7F005A3190 /* TaiwanArtionApp.app */;
			productType = "com.apple.product-type.application";
		};
/* End PBXNativeTarget section */

/* Begin PBXProject section */
		626C31A528A48F7F005A3190 /* Project object */ = {
			isa = PBXProject;
			attributes = {
				BuildIndependentTargetsInParallel = 1;
				LastSwiftUpdateCheck = 1330;
				LastUpgradeCheck = 1330;
				TargetAttributes = {
					626C31AC28A48F7F005A3190 = {
						CreatedOnToolsVersion = 13.3;
					};
				};
			};
			buildConfigurationList = 626C31A828A48F7F005A3190 /* Build configuration list for PBXProject "TaiwanArtionApp" */;
			compatibilityVersion = "Xcode 13.0";
			developmentRegion = en;
			hasScannedForEncodings = 0;
			knownRegions = (
				en,
				Base,
			);
			mainGroup = 626C31A428A48F7F005A3190;
			productRefGroup = 626C31AE28A48F7F005A3190 /* Products */;
			projectDirPath = "";
			projectRoot = "";
			targets = (
				626C31AC28A48F7F005A3190 /* TaiwanArtionApp */,
			);
		};
/* End PBXProject section */

/* Begin PBXResourcesBuildPhase section */
		626C31AB28A48F7F005A3190 /* Resources */ = {
			isa = PBXResourcesBuildPhase;
			buildActionMask = 2147483647;
			files = (
				626C31C028A48F81005A3190 /* LaunchScreen.storyboard in Resources */,
				626C31BD28A48F81005A3190 /* Assets.xcassets in Resources */,
				626C31B828A48F7F005A3190 /* Main.storyboard in Resources */,
			);
			runOnlyForDeploymentPostprocessing = 0;
		};
/* End PBXResourcesBuildPhase section */

/* Begin PBXSourcesBuildPhase section */
		626C31A928A48F7F005A3190 /* Sources */ = {
			isa = PBXSourcesBuildPhase;
			buildActionMask = 2147483647;
			files = (
				626C31B528A48F7F005A3190 /* ViewController.swift in Sources */,
				626C31B128A48F7F005A3190 /* AppDelegate.swift in Sources */,
				626C31BB28A48F7F005A3190 /* TaiwanArtionApp.xcdatamodeld in Sources */,
				626C31B328A48F7F005A3190 /* SceneDelegate.swift in Sources */,
			);
			runOnlyForDeploymentPostprocessing = 0;
		};
/* End PBXSourcesBuildPhase section */

/* Begin PBXVariantGroup section */
		626C31B628A48F7F005A3190 /* Main.storyboard */ = {
			isa = PBXVariantGroup;
			children = (
				626C31B728A48F7F005A3190 /* Base */,
			);
			name = Main.storyboard;
			sourceTree = "<group>";
		};
		626C31BE28A48F81005A3190 /* LaunchScreen.storyboard */ = {
			isa = PBXVariantGroup;
			children = (
				626C31BF28A48F81005A3190 /* Base */,
			);
			name = LaunchScreen.storyboard;
			sourceTree = "<group>";
		};
/* End PBXVariantGroup section */

/* Begin XCBuildConfiguration section */
		626C31C228A48F81005A3190 /* Debug */ = {
			isa = XCBuildConfiguration;
			buildSettings = {
				ALWAYS_SEARCH_USER_PATHS = NO;
				CLANG_ANALYZER_NONNULL = YES;
				CLANG_ANALYZER_NUMBER_OBJECT_CONVERSION = YES_AGGRESSIVE;
				CLANG_CXX_LANGUAGE_STANDARD = "gnu++17";
				CLANG_ENABLE_MODULES = YES;
				CLANG_ENABLE_OBJC_ARC = YES;
				CLANG_ENABLE_OBJC_WEAK = YES;
				CLANG_WARN_BLOCK_CAPTURE_AUTORELEASING = YES;
				CLANG_WARN_BOOL_CONVERSION = YES;
				CLANG_WARN_COMMA = YES;
				CLANG_WARN_CONSTANT_CONVERSION = YES;
				CLANG_WARN_DEPRECATED_OBJC_IMPLEMENTATIONS = YES;
				CLANG_WARN_DIRECT_OBJC_ISA_USAGE = YES_ERROR;
				CLANG_WARN_DOCUMENTATION_COMMENTS = YES;
				CLANG_WARN_EMPTY_BODY = YES;
				CLANG_WARN_ENUM_CONVERSION = YES;
				CLANG_WARN_INFINITE_RECURSION = YES;
				CLANG_WARN_INT_CONVERSION = YES;
				CLANG_WARN_NON_LITERAL_NULL_CONVERSION = YES;
				CLANG_WARN_OBJC_IMPLICIT_RETAIN_SELF = YES;
				CLANG_WARN_OBJC_LITERAL_CONVERSION = YES;
				CLANG_WARN_OBJC_ROOT_CLASS = YES_ERROR;
				CLANG_WARN_QUOTED_INCLUDE_IN_FRAMEWORK_HEADER = YES;
				CLANG_WARN_RANGE_LOOP_ANALYSIS = YES;
				CLANG_WARN_STRICT_PROTOTYPES = YES;
				CLANG_WARN_SUSPICIOUS_MOVE = YES;
				CLANG_WARN_UNGUARDED_AVAILABILITY = YES_AGGRESSIVE;
				CLANG_WARN_UNREACHABLE_CODE = YES;
				CLANG_WARN__DUPLICATE_METHOD_MATCH = YES;
				COPY_PHASE_STRIP = NO;
				DEBUG_INFORMATION_FORMAT = dwarf;
				ENABLE_STRICT_OBJC_MSGSEND = YES;
				ENABLE_TESTABILITY = YES;
				GCC_C_LANGUAGE_STANDARD = gnu11;
				GCC_DYNAMIC_NO_PIC = NO;
				GCC_NO_COMMON_BLOCKS = YES;
				GCC_OPTIMIZATION_LEVEL = 0;
				GCC_PREPROCESSOR_DEFINITIONS = (
					"DEBUG=1",
					"$(inherited)",
				);
				GCC_WARN_64_TO_32_BIT_CONVERSION = YES;
				GCC_WARN_ABOUT_RETURN_TYPE = YES_ERROR;
				GCC_WARN_UNDECLARED_SELECTOR = YES;
				GCC_WARN_UNINITIALIZED_AUTOS = YES_AGGRESSIVE;
				GCC_WARN_UNUSED_FUNCTION = YES;
				GCC_WARN_UNUSED_VARIABLE = YES;
				IPHONEOS_DEPLOYMENT_TARGET = 15.4;
				MTL_ENABLE_DEBUG_INFO = INCLUDE_SOURCE;
				MTL_FAST_MATH = YES;
				ONLY_ACTIVE_ARCH = YES;
				SDKROOT = iphoneos;
				SWIFT_ACTIVE_COMPILATION_CONDITIONS = DEBUG;
				SWIFT_OPTIMIZATION_LEVEL = "-Onone";
			};
			name = Debug;
		};
		626C31C328A48F81005A3190 /* Release */ = {
			isa = XCBuildConfiguration;
			buildSettings = {
				ALWAYS_SEARCH_USER_PATHS = NO;
				CLANG_ANALYZER_NONNULL = YES;
				CLANG_ANALYZER_NUMBER_OBJECT_CONVERSION = YES_AGGRESSIVE;
				CLANG_CXX_LANGUAGE_STANDARD = "gnu++17";
				CLANG_ENABLE_MODULES = YES;
				CLANG_ENABLE_OBJC_ARC = YES;
				CLANG_ENABLE_OBJC_WEAK = YES;
				CLANG_WARN_BLOCK_CAPTURE_AUTORELEASING = YES;
				CLANG_WARN_BOOL_CONVERSION = YES;
				CLANG_WARN_COMMA = YES;
				CLANG_WARN_CONSTANT_CONVERSION = YES;
				CLANG_WARN_DEPRECATED_OBJC_IMPLEMENTATIONS = YES;
				CLANG_WARN_DIRECT_OBJC_ISA_USAGE = YES_ERROR;
				CLANG_WARN_DOCUMENTATION_COMMENTS = YES;
				CLANG_WARN_EMPTY_BODY = YES;
				CLANG_WARN_ENUM_CONVERSION = YES;
				CLANG_WARN_INFINITE_RECURSION = YES;
				CLANG_WARN_INT_CONVERSION = YES;
				CLANG_WARN_NON_LITERAL_NULL_CONVERSION = YES;
				CLANG_WARN_OBJC_IMPLICIT_RETAIN_SELF = YES;
				CLANG_WARN_OBJC_LITERAL_CONVERSION = YES;
				CLANG_WARN_OBJC_ROOT_CLASS = YES_ERROR;
				CLANG_WARN_QUOTED_INCLUDE_IN_FRAMEWORK_HEADER = YES;
				CLANG_WARN_RANGE_LOOP_ANALYSIS = YES;
				CLANG_WARN_STRICT_PROTOTYPES = YES;
				CLANG_WARN_SUSPICIOUS_MOVE = YES;
				CLANG_WARN_UNGUARDED_AVAILABILITY = YES_AGGRESSIVE;
				CLANG_WARN_UNREACHABLE_CODE = YES;
				CLANG_WARN__DUPLICATE_METHOD_MATCH = YES;
				COPY_PHASE_STRIP = NO;
				DEBUG_INFORMATION_FORMAT = "dwarf-with-dsym";
				ENABLE_NS_ASSERTIONS = NO;
				ENABLE_STRICT_OBJC_MSGSEND = YES;
				GCC_C_LANGUAGE_STANDARD = gnu11;
				GCC_NO_COMMON_BLOCKS = YES;
				GCC_WARN_64_TO_32_BIT_CONVERSION = YES;
				GCC_WARN_ABOUT_RETURN_TYPE = YES_ERROR;
				GCC_WARN_UNDECLARED_SELECTOR = YES;
				GCC_WARN_UNINITIALIZED_AUTOS = YES_AGGRESSIVE;
				GCC_WARN_UNUSED_FUNCTION = YES;
				GCC_WARN_UNUSED_VARIABLE = YES;
				IPHONEOS_DEPLOYMENT_TARGET = 15.4;
				MTL_ENABLE_DEBUG_INFO = NO;
				MTL_FAST_MATH = YES;
				SDKROOT = iphoneos;
				SWIFT_COMPILATION_MODE = wholemodule;
				SWIFT_OPTIMIZATION_LEVEL = "-O";
				VALIDATE_PRODUCT = YES;
			};
			name = Release;
		};
		626C31C528A48F81005A3190 /* Debug */ = {
			isa = XCBuildConfiguration;
			buildSettings = {
				ASSETCATALOG_COMPILER_APPICON_NAME = AppIcon;
				ASSETCATALOG_COMPILER_GLOBAL_ACCENT_COLOR_NAME = AccentColor;
				CODE_SIGN_STYLE = Automatic;
				CURRENT_PROJECT_VERSION = 1;
				DEVELOPMENT_TEAM = G7LV6N67KJ;
				GENERATE_INFOPLIST_FILE = YES;
				INFOPLIST_FILE = TaiwanArtionApp/Info.plist;
				INFOPLIST_KEY_UIApplicationSupportsIndirectInputEvents = YES;
				INFOPLIST_KEY_UILaunchStoryboardName = LaunchScreen;
				INFOPLIST_KEY_UIMainStoryboardFile = Main;
				INFOPLIST_KEY_UISupportedInterfaceOrientations_iPad = "UIInterfaceOrientationPortrait UIInterfaceOrientationPortraitUpsideDown UIInterfaceOrientationLandscapeLeft UIInterfaceOrientationLandscapeRight";
				INFOPLIST_KEY_UISupportedInterfaceOrientations_iPhone = "UIInterfaceOrientationPortrait UIInterfaceOrientationLandscapeLeft UIInterfaceOrientationLandscapeRight";
				LD_RUNPATH_SEARCH_PATHS = (
					"$(inherited)",
					"@executable_path/Frameworks",
				);
				MARKETING_VERSION = 1.0;
				PRODUCT_BUNDLE_IDENTIFIER = com.timmy.TaiwanArtionApp;
				PRODUCT_NAME = "$(TARGET_NAME)";
				SWIFT_EMIT_LOC_STRINGS = YES;
				SWIFT_VERSION = 5.0;
				TARGETED_DEVICE_FAMILY = "1,2";
			};
			name = Debug;
		};
		626C31C628A48F81005A3190 /* Release */ = {
			isa = XCBuildConfiguration;
			buildSettings = {
				ASSETCATALOG_COMPILER_APPICON_NAME = AppIcon;
				ASSETCATALOG_COMPILER_GLOBAL_ACCENT_COLOR_NAME = AccentColor;
				CODE_SIGN_STYLE = Automatic;
				CURRENT_PROJECT_VERSION = 1;
				DEVELOPMENT_TEAM = G7LV6N67KJ;
				GENERATE_INFOPLIST_FILE = YES;
				INFOPLIST_FILE = TaiwanArtionApp/Info.plist;
				INFOPLIST_KEY_UIApplicationSupportsIndirectInputEvents = YES;
				INFOPLIST_KEY_UILaunchStoryboardName = LaunchScreen;
				INFOPLIST_KEY_UIMainStoryboardFile = Main;
				INFOPLIST_KEY_UISupportedInterfaceOrientations_iPad = "UIInterfaceOrientationPortrait UIInterfaceOrientationPortraitUpsideDown UIInterfaceOrientationLandscapeLeft UIInterfaceOrientationLandscapeRight";
				INFOPLIST_KEY_UISupportedInterfaceOrientations_iPhone = "UIInterfaceOrientationPortrait UIInterfaceOrientationLandscapeLeft UIInterfaceOrientationLandscapeRight";
				LD_RUNPATH_SEARCH_PATHS = (
					"$(inherited)",
					"@executable_path/Frameworks",
				);
				MARKETING_VERSION = 1.0;
				PRODUCT_BUNDLE_IDENTIFIER = com.timmy.TaiwanArtionApp;
				PRODUCT_NAME = "$(TARGET_NAME)";
				SWIFT_EMIT_LOC_STRINGS = YES;
				SWIFT_VERSION = 5.0;
				TARGETED_DEVICE_FAMILY = "1,2";
			};
			name = Release;
		};
/* End XCBuildConfiguration section */

/* Begin XCConfigurationList section */
		626C31A828A48F7F005A3190 /* Build configuration list for PBXProject "TaiwanArtionApp" */ = {
			isa = XCConfigurationList;
			buildConfigurations = (
				626C31C228A48F81005A3190 /* Debug */,
				626C31C328A48F81005A3190 /* Release */,
			);
			defaultConfigurationIsVisible = 0;
			defaultConfigurationName = Release;
		};
		626C31C428A48F81005A3190 /* Build configuration list for PBXNativeTarget "TaiwanArtionApp" */ = {
			isa = XCConfigurationList;
			buildConfigurations = (
				626C31C528A48F81005A3190 /* Debug */,
				626C31C628A48F81005A3190 /* Release */,
			);
			defaultConfigurationIsVisible = 0;
			defaultConfigurationName = Release;
		};
/* End XCConfigurationList section */

/* Begin XCVersionGroup section */
		626C31B928A48F7F005A3190 /* TaiwanArtionApp.xcdatamodeld */ = {
			isa = XCVersionGroup;
			children = (
				626C31BA28A48F7F005A3190 /* TaiwanArtionApp.xcdatamodel */,
			);
			currentVersion = 626C31BA28A48F7F005A3190 /* TaiwanArtionApp.xcdatamodel */;
			path = TaiwanArtionApp.xcdatamodeld;
			sourceTree = "<group>";
			versionGroupType = wrapper.xcdatamodel;
		};
/* End XCVersionGroup section */
	};
	rootObject = 626C31A528A48F7F005A3190 /* Project object */;
}
